
Microsoft Visual Studio Solution File, Format Version 12.00
# Visual Studio Version 17
VisualStudioVersion = 17.4.33110.190
MinimumVisualStudioVersion = 10.0.40219.1
Project("{9A19103F-16F7-4668-BE54-9A1E7A4F7556}") = "AuroraModularis", "AuroraModularis\AuroraModularis.csproj", "{D4B0BE11-38E9-470B-9F0F-7A603EAA5971}"
EndProject
Project("{2150E333-8FDC-42A3-9474-1A3956D46DE8}") = "Projektmappenelemente", "Projektmappenelemente", "{DA1F9F32-7E2A-47A6-877F-82139B738627}"
	ProjectSection(SolutionItems) = preProject
		.editorconfig = .editorconfig
		Version.props = Version.props
	EndProjectSection
EndProject
Project("{2150E333-8FDC-42A3-9474-1A3956D46DE8}") = "TestApp", "TestApp", "{48E93A7B-7583-40BB-A2F1-32A711F519C6}"
EndProject
Project("{2150E333-8FDC-42A3-9474-1A3956D46DE8}") = "Modules", "Modules", "{9E170B75-F442-4AD2-9495-1DBF5092647C}"
EndProject
Project("{9A19103F-16F7-4668-BE54-9A1E7A4F7556}") = "TestConsole", "TestApp\TestConsole\TestConsole.csproj", "{9EB09B7F-CEC9-4C1A-A01E-BC93F316C9D9}"
EndProject
Project("{9A19103F-16F7-4668-BE54-9A1E7A4F7556}") = "TestConsole.Modules.Producer", "TestApp\Modules\TestConsole.Modules.Producer\TestConsole.Modules.Producer.csproj", "{A153B9DB-2944-42B6-9B86-0A769FFF03E3}"
EndProject
Project("{2150E333-8FDC-42A3-9474-1A3956D46DE8}") = "Modules", "Modules", "{6DD0A79D-647E-4E91-85D2-3967D398F134}"
EndProject
Project("{9A19103F-16F7-4668-BE54-9A1E7A4F7556}") = "AuroraModularis.Modules.Logging.SeriLog", "Modules\Logging\AuroraModularis.Modules.SeriLog\AuroraModularis.Modules.Logging.SeriLog.csproj", "{4BC3AB2D-517C-49D4-8F1C-22722979E56B}"
EndProject
Project("{9A19103F-16F7-4668-BE54-9A1E7A4F7556}") = "AuroraModularis.Logging.Models", "Modules\Logging\AuroraModularis.Logging.Models\AuroraModularis.Logging.Models.csproj", "{124F0FCB-76C4-4D15-8BA3-972D740B4011}"
EndProject
Project("{9A19103F-16F7-4668-BE54-9A1E7A4F7556}") = "TestApp.Modules.TestSchedulingModule", "TestApp\Modules\TestApp.Modules.TestSchedulingModule\TestApp.Modules.TestSchedulingModule.csproj", "{4CC6D716-6577-40AF-B3A0-DD8CE172626D}"
EndProject
Project("{9A19103F-16F7-4668-BE54-9A1E7A4F7556}") = "TestGui", "TestApp\TestGui\TestGui.csproj", "{8FD75E5D-117E-4D67-A254-317EB2F91224}"
EndProject
Project("{9A19103F-16F7-4668-BE54-9A1E7A4F7556}") = "TestGui.Modules.TestUIModule", "Modules\TestGui.Modules.TestUIModule\TestGui.Modules.TestUIModule.csproj", "{BDC3923A-F5A2-413D-9D92-A18754999943}"
EndProject
Project("{FAE04EC0-301F-11D3-BF4B-00C04F79EFBC}") = "AuroraModularis.Settings.Toml", "Libraries\AuroraModularis.Settings.Toml\AuroraModularis.Settings.Toml.csproj", "{EC9DC13A-D85A-46D7-B935-D3B25714B523}"
EndProject
Project("{2150E333-8FDC-42A3-9474-1A3956D46DE8}") = "ThirdParties", "ThirdParties", "{266B905B-969C-43BA-8D1E-6A33A0DC74AE}"
EndProject
Project("{FAE04EC0-301F-11D3-BF4B-00C04F79EFBC}") = "AuroraModularis.Settings.Xml", "Libraries\AuroraModularis.Settings.Xml\AuroraModularis.Settings.Xml.csproj", "{99086771-4092-42F3-9897-58503CB95B9E}"
EndProject
Global
	GlobalSection(SolutionConfigurationPlatforms) = preSolution
		Debug|Any CPU = Debug|Any CPU
		Release|Any CPU = Release|Any CPU
	EndGlobalSection
	GlobalSection(ProjectConfigurationPlatforms) = postSolution
		{D4B0BE11-38E9-470B-9F0F-7A603EAA5971}.Debug|Any CPU.ActiveCfg = Debug|Any CPU
		{D4B0BE11-38E9-470B-9F0F-7A603EAA5971}.Debug|Any CPU.Build.0 = Debug|Any CPU
		{D4B0BE11-38E9-470B-9F0F-7A603EAA5971}.Release|Any CPU.ActiveCfg = Release|Any CPU
		{D4B0BE11-38E9-470B-9F0F-7A603EAA5971}.Release|Any CPU.Build.0 = Release|Any CPU
		{9EB09B7F-CEC9-4C1A-A01E-BC93F316C9D9}.Debug|Any CPU.ActiveCfg = Debug|Any CPU
		{9EB09B7F-CEC9-4C1A-A01E-BC93F316C9D9}.Debug|Any CPU.Build.0 = Debug|Any CPU
		{9EB09B7F-CEC9-4C1A-A01E-BC93F316C9D9}.Release|Any CPU.ActiveCfg = Release|Any CPU
		{9EB09B7F-CEC9-4C1A-A01E-BC93F316C9D9}.Release|Any CPU.Build.0 = Release|Any CPU
		{A153B9DB-2944-42B6-9B86-0A769FFF03E3}.Debug|Any CPU.ActiveCfg = Debug|Any CPU
		{A153B9DB-2944-42B6-9B86-0A769FFF03E3}.Debug|Any CPU.Build.0 = Debug|Any CPU
		{A153B9DB-2944-42B6-9B86-0A769FFF03E3}.Release|Any CPU.ActiveCfg = Release|Any CPU
		{A153B9DB-2944-42B6-9B86-0A769FFF03E3}.Release|Any CPU.Build.0 = Release|Any CPU
		{4BC3AB2D-517C-49D4-8F1C-22722979E56B}.Debug|Any CPU.ActiveCfg = Debug|Any CPU
		{4BC3AB2D-517C-49D4-8F1C-22722979E56B}.Debug|Any CPU.Build.0 = Debug|Any CPU
		{4BC3AB2D-517C-49D4-8F1C-22722979E56B}.Release|Any CPU.ActiveCfg = Release|Any CPU
		{4BC3AB2D-517C-49D4-8F1C-22722979E56B}.Release|Any CPU.Build.0 = Release|Any CPU
		{124F0FCB-76C4-4D15-8BA3-972D740B4011}.Debug|Any CPU.ActiveCfg = Debug|Any CPU
		{124F0FCB-76C4-4D15-8BA3-972D740B4011}.Debug|Any CPU.Build.0 = Debug|Any CPU
		{124F0FCB-76C4-4D15-8BA3-972D740B4011}.Release|Any CPU.ActiveCfg = Release|Any CPU
		{124F0FCB-76C4-4D15-8BA3-972D740B4011}.Release|Any CPU.Build.0 = Release|Any CPU
		{4CC6D716-6577-40AF-B3A0-DD8CE172626D}.Debug|Any CPU.ActiveCfg = Debug|Any CPU
		{4CC6D716-6577-40AF-B3A0-DD8CE172626D}.Debug|Any CPU.Build.0 = Debug|Any CPU
		{4CC6D716-6577-40AF-B3A0-DD8CE172626D}.Release|Any CPU.ActiveCfg = Release|Any CPU
		{4CC6D716-6577-40AF-B3A0-DD8CE172626D}.Release|Any CPU.Build.0 = Release|Any CPU
		{8FD75E5D-117E-4D67-A254-317EB2F91224}.Debug|Any CPU.ActiveCfg = Debug|Any CPU
		{8FD75E5D-117E-4D67-A254-317EB2F91224}.Debug|Any CPU.Build.0 = Debug|Any CPU
		{8FD75E5D-117E-4D67-A254-317EB2F91224}.Release|Any CPU.ActiveCfg = Release|Any CPU
		{8FD75E5D-117E-4D67-A254-317EB2F91224}.Release|Any CPU.Build.0 = Release|Any CPU
		{BDC3923A-F5A2-413D-9D92-A18754999943}.Debug|Any CPU.ActiveCfg = Debug|Any CPU
		{BDC3923A-F5A2-413D-9D92-A18754999943}.Debug|Any CPU.Build.0 = Debug|Any CPU
		{BDC3923A-F5A2-413D-9D92-A18754999943}.Release|Any CPU.ActiveCfg = Release|Any CPU
		{BDC3923A-F5A2-413D-9D92-A18754999943}.Release|Any CPU.Build.0 = Release|Any CPU
		{EC9DC13A-D85A-46D7-B935-D3B25714B523}.Debug|Any CPU.ActiveCfg = Debug|Any CPU
		{EC9DC13A-D85A-46D7-B935-D3B25714B523}.Debug|Any CPU.Build.0 = Debug|Any CPU
		{EC9DC13A-D85A-46D7-B935-D3B25714B523}.Release|Any CPU.ActiveCfg = Release|Any CPU
		{EC9DC13A-D85A-46D7-B935-D3B25714B523}.Release|Any CPU.Build.0 = Release|Any CPU
		{99086771-4092-42F3-9897-58503CB95B9E}.Debug|Any CPU.ActiveCfg = Debug|Any CPU
		{99086771-4092-42F3-9897-58503CB95B9E}.Debug|Any CPU.Build.0 = Debug|Any CPU
		{99086771-4092-42F3-9897-58503CB95B9E}.Release|Any CPU.ActiveCfg = Release|Any CPU
		{99086771-4092-42F3-9897-58503CB95B9E}.Release|Any CPU.Build.0 = Release|Any CPU
	EndGlobalSection
	GlobalSection(SolutionProperties) = preSolution
		HideSolutionNode = FALSE
	EndGlobalSection
	GlobalSection(NestedProjects) = preSolution
		{9E170B75-F442-4AD2-9495-1DBF5092647C} = {48E93A7B-7583-40BB-A2F1-32A711F519C6}
		{9EB09B7F-CEC9-4C1A-A01E-BC93F316C9D9} = {48E93A7B-7583-40BB-A2F1-32A711F519C6}
		{A153B9DB-2944-42B6-9B86-0A769FFF03E3} = {9E170B75-F442-4AD2-9495-1DBF5092647C}
		{4BC3AB2D-517C-49D4-8F1C-22722979E56B} = {6DD0A79D-647E-4E91-85D2-3967D398F134}
		{124F0FCB-76C4-4D15-8BA3-972D740B4011} = {6DD0A79D-647E-4E91-85D2-3967D398F134}
		{4CC6D716-6577-40AF-B3A0-DD8CE172626D} = {9E170B75-F442-4AD2-9495-1DBF5092647C}
		{8FD75E5D-117E-4D67-A254-317EB2F91224} = {48E93A7B-7583-40BB-A2F1-32A711F519C6}
		{BDC3923A-F5A2-413D-9D92-A18754999943} = {9E170B75-F442-4AD2-9495-1DBF5092647C}
		{EC9DC13A-D85A-46D7-B935-D3B25714B523} = {266B905B-969C-43BA-8D1E-6A33A0DC74AE}
		{99086771-4092-42F3-9897-58503CB95B9E} = {266B905B-969C-43BA-8D1E-6A33A0DC74AE}
	EndGlobalSection
	GlobalSection(ExtensibilityGlobals) = postSolution
		SolutionGuid = {F4DB5578-7615-476B-A10C-00253FB6BADF}
	EndGlobalSection
EndGlobal
